
Microsoft Visual Studio Solution File, Format Version 12.00
# Visual Studio Version 17
VisualStudioVersion = 17.14.36518.9 d17.14
MinimumVisualStudioVersion = 10.0.40219.1
Project("{9A19103F-16F7-4668-BE54-9A1E7A4F7556}") = "MtxVecDemo", "Math.CSharp\MtxVecDemo.csproj", "{0907A3E2-B0DF-441C-A268-60C020A7BF46}"
EndProject
Project("{9A19103F-16F7-4668-BE54-9A1E7A4F7556}") = "DewDSPDemo", "Signal.CSharp\DewDSPDemo.csproj", "{D2D214BB-1D8D-4D20-8130-B990A7BA0F4A}"
EndProject
Project("{9A19103F-16F7-4668-BE54-9A1E7A4F7556}") = "StatsMasterDemo", "Stats.CSharp\StatsMasterDemo.csproj", "{D38B0022-3A40-4130-8D99-3BF40710840E}"
EndProject
Project("{FAE04EC0-301F-11D3-BF4B-00C04F79EFBC}") = "WinFormsApp1", "WinFormsApp1\WinFormsApp1.csproj", "{B548B4EF-5017-4EF8-B675-3E8C3A08FA15}"
EndProject
Project("{FAE04EC0-301F-11D3-BF4B-00C04F79EFBC}") = "ConsoleApp1", "ConsoleApp1\ConsoleApp1.csproj", "{2420914C-DF27-4816-AA4C-20C089F1EB9A}"
EndProject
Project("{FAE04EC0-301F-11D3-BF4B-00C04F79EFBC}") = "WinFormsLibrary1", "WinFormsLibrary1\WinFormsLibrary1.csproj", "{51F7B050-7C09-4D52-A932-2CB94354ED2B}"
EndProject
Global
	GlobalSection(SolutionConfigurationPlatforms) = preSolution
		Debug|Any CPU = Debug|Any CPU
		Release|Any CPU = Release|Any CPU
	EndGlobalSection
	GlobalSection(ProjectConfigurationPlatforms) = postSolution
		{0907A3E2-B0DF-441C-A268-60C020A7BF46}.Debug|Any CPU.ActiveCfg = Debug|Any CPU
		{0907A3E2-B0DF-441C-A268-60C020A7BF46}.Debug|Any CPU.Build.0 = Debug|Any CPU
		{0907A3E2-B0DF-441C-A268-60C020A7BF46}.Release|Any CPU.ActiveCfg = Release|Any CPU
		{0907A3E2-B0DF-441C-A268-60C020A7BF46}.Release|Any CPU.Build.0 = Release|Any CPU
		{D2D214BB-1D8D-4D20-8130-B990A7BA0F4A}.Debug|Any CPU.ActiveCfg = Debug|Any CPU
		{D2D214BB-1D8D-4D20-8130-B990A7BA0F4A}.Debug|Any CPU.Build.0 = Debug|Any CPU
		{D2D214BB-1D8D-4D20-8130-B990A7BA0F4A}.Release|Any CPU.ActiveCfg = Release|Any CPU
		{D2D214BB-1D8D-4D20-8130-B990A7BA0F4A}.Release|Any CPU.Build.0 = Release|Any CPU
		{D38B0022-3A40-4130-8D99-3BF40710840E}.Debug|Any CPU.ActiveCfg = Debug|Any CPU
		{D38B0022-3A40-4130-8D99-3BF40710840E}.Debug|Any CPU.Build.0 = Debug|Any CPU
		{D38B0022-3A40-4130-8D99-3BF40710840E}.Release|Any CPU.ActiveCfg = Release|Any CPU
		{D38B0022-3A40-4130-8D99-3BF40710840E}.Release|Any CPU.Build.0 = Release|Any CPU
		{B548B4EF-5017-4EF8-B675-3E8C3A08FA15}.Debug|Any CPU.ActiveCfg = Debug|Any CPU
		{B548B4EF-5017-4EF8-B675-3E8C3A08FA15}.Debug|Any CPU.Build.0 = Debug|Any CPU
		{B548B4EF-5017-4EF8-B675-3E8C3A08FA15}.Release|Any CPU.ActiveCfg = Release|Any CPU
		{B548B4EF-5017-4EF8-B675-3E8C3A08FA15}.Release|Any CPU.Build.0 = Release|Any CPU
		{2420914C-DF27-4816-AA4C-20C089F1EB9A}.Debug|Any CPU.ActiveCfg = Debug|Any CPU
		{2420914C-DF27-4816-AA4C-20C089F1EB9A}.Debug|Any CPU.Build.0 = Debug|Any CPU
		{2420914C-DF27-4816-AA4C-20C089F1EB9A}.Release|Any CPU.ActiveCfg = Release|Any CPU
		{2420914C-DF27-4816-AA4C-20C089F1EB9A}.Release|Any CPU.Build.0 = Release|Any CPU
		{51F7B050-7C09-4D52-A932-2CB94354ED2B}.Debug|Any CPU.ActiveCfg = Debug|Any CPU
		{51F7B050-7C09-4D52-A932-2CB94354ED2B}.Debug|Any CPU.Build.0 = Debug|Any CPU
		{51F7B050-7C09-4D52-A932-2CB94354ED2B}.Release|Any CPU.ActiveCfg = Release|Any CPU
		{51F7B050-7C09-4D52-A932-2CB94354ED2B}.Release|Any CPU.Build.0 = Release|Any CPU
	EndGlobalSection
	GlobalSection(SolutionProperties) = preSolution
		HideSolutionNode = FALSE
	EndGlobalSection
	GlobalSection(ExtensibilityGlobals) = postSolution
		SolutionGuid = {1813B2D4-9950-424D-BBE5-140A278F33A4}
	EndGlobalSection
EndGlobal
